// !$*UTF8*$!
{
	archiveVersion = 1;
	classes = {
	};
	objectVersion = 46;
	objects = {

/* Begin PBXBuildFile section */
		419948E71D97297300AA12E1 /* music.mp3 in Resources */ = {isa = PBXBuildFile; fileRef = 419948E61D97297300AA12E1 /* music.mp3 */; };
		419948EC1D9729FE00AA12E1 /* pokemon.csv in Resources */ = {isa = PBXBuildFile; fileRef = 419948EB1D9729FE00AA12E1 /* pokemon.csv */; };
		41BA62901D97250700CAB509 /* AppDelegate.swift in Sources */ = {isa = PBXBuildFile; fileRef = 41BA628F1D97250700CAB509 /* AppDelegate.swift */; };
		41BA62921D97250700CAB509 /* ViewController.swift in Sources */ = {isa = PBXBuildFile; fileRef = 41BA62911D97250700CAB509 /* ViewController.swift */; };
		41BA62951D97250700CAB509 /* Main.storyboard in Resources */ = {isa = PBXBuildFile; fileRef = 41BA62931D97250700CAB509 /* Main.storyboard */; };
		41BA62971D97250700CAB509 /* Assets.xcassets in Resources */ = {isa = PBXBuildFile; fileRef = 41BA62961D97250700CAB509 /* Assets.xcassets */; };
		41BA629A1D97250700CAB509 /* LaunchScreen.storyboard in Resources */ = {isa = PBXBuildFile; fileRef = 41BA62981D97250700CAB509 /* LaunchScreen.storyboard */; };
/* End PBXBuildFile section */

/* Begin PBXFileReference section */
		419948E61D97297300AA12E1 /* music.mp3 */ = {isa = PBXFileReference; lastKnownFileType = audio.mp3; path = music.mp3; sourceTree = "<group>"; };
		419948EB1D9729FE00AA12E1 /* pokemon.csv */ = {isa = PBXFileReference; fileEncoding = 4; lastKnownFileType = text; path = pokemon.csv; sourceTree = "<group>"; };
		419948ED1D972A1000AA12E1 /* Pokemon Solid.ttf */ = {isa = PBXFileReference; lastKnownFileType = file; path = "Pokemon Solid.ttf"; sourceTree = "<group>"; };
		41BA628C1D97250700CAB509 /* Pokidex Swift3.app */ = {isa = PBXFileReference; explicitFileType = wrapper.application; includeInIndex = 0; path = "Pokidex Swift3.app"; sourceTree = BUILT_PRODUCTS_DIR; };
		41BA628F1D97250700CAB509 /* AppDelegate.swift */ = {isa = PBXFileReference; lastKnownFileType = sourcecode.swift; path = AppDelegate.swift; sourceTree = "<group>"; };
		41BA62911D97250700CAB509 /* ViewController.swift */ = {isa = PBXFileReference; lastKnownFileType = sourcecode.swift; path = ViewController.swift; sourceTree = "<group>"; };
		41BA62941D97250700CAB509 /* Base */ = {isa = PBXFileReference; lastKnownFileType = file.storyboard; name = Base; path = Base.lproj/Main.storyboard; sourceTree = "<group>"; };
		41BA62961D97250700CAB509 /* Assets.xcassets */ = {isa = PBXFileReference; lastKnownFileType = folder.assetcatalog; path = Assets.xcassets; sourceTree = "<group>"; };
		41BA62991D97250700CAB509 /* Base */ = {isa = PBXFileReference; lastKnownFileType = file.storyboard; name = Base; path = Base.lproj/LaunchScreen.storyboard; sourceTree = "<group>"; };
		41BA629B1D97250700CAB509 /* Info.plist */ = {isa = PBXFileReference; lastKnownFileType = text.plist.xml; path = Info.plist; sourceTree = "<group>"; };
/* End PBXFileReference section */

/* Begin PBXFrameworksBuildPhase section */
		41BA62891D97250700CAB509 /* Frameworks */ = {
			isa = PBXFrameworksBuildPhase;
			buildActionMask = 2147483647;
			files = (
			);
			runOnlyForDeploymentPostprocessing = 0;
		};
/* End PBXFrameworksBuildPhase section */

/* Begin PBXGroup section */
		419948E81D97298E00AA12E1 /* Util */ = {
			isa = PBXGroup;
			children = (
				419948ED1D972A1000AA12E1 /* Pokemon Solid.ttf */,
				419948EB1D9729FE00AA12E1 /* pokemon.csv */,
				419948E61D97297300AA12E1 /* music.mp3 */,
			);
			name = Util;
			sourceTree = "<group>";
		};
		41BA62831D97250700CAB509 = {
			isa = PBXGroup;
			children = (
				41BA628E1D97250700CAB509 /* Pokidex Swift3 */,
				41BA628D1D97250700CAB509 /* Products */,
			);
			sourceTree = "<group>";
		};
		41BA628D1D97250700CAB509 /* Products */ = {
			isa = PBXGroup;
			children = (
				41BA628C1D97250700CAB509 /* Pokidex Swift3.app */,
			);
			name = Products;
			sourceTree = "<group>";
		};
		41BA628E1D97250700CAB509 /* Pokidex Swift3 */ = {
			isa = PBXGroup;
			children = (
				419948E81D97298E00AA12E1 /* Util */,
				41BA628F1D97250700CAB509 /* AppDelegate.swift */,
				41BA62911D97250700CAB509 /* ViewController.swift */,
				41BA62931D97250700CAB509 /* Main.storyboard */,
				41BA62961D97250700CAB509 /* Assets.xcassets */,
				41BA62981D97250700CAB509 /* LaunchScreen.storyboard */,
				41BA629B1D97250700CAB509 /* Info.plist */,
			);
			path = "Pokidex Swift3";
			sourceTree = "<group>";
		};
/* End PBXGroup section */

/* Begin PBXNativeTarget section */
		41BA628B1D97250700CAB509 /* Pokidex Swift3 */ = {
			isa = PBXNativeTarget;
			buildConfigurationList = 41BA629E1D97250700CAB509 /* Build configuration list for PBXNativeTarget "Pokidex Swift3" */;
			buildPhases = (
				41BA62881D97250700CAB509 /* Sources */,
				41BA62891D97250700CAB509 /* Frameworks */,
				41BA628A1D97250700CAB509 /* Resources */,
			);
			buildRules = (
			);
			dependencies = (
			);
			name = "Pokidex Swift3";
			productName = "Pokidex Swift3";
			productReference = 41BA628C1D97250700CAB509 /* Pokidex Swift3.app */;
			productType = "com.apple.product-type.application";
		};
/* End PBXNativeTarget section */

/* Begin PBXProject section */
		41BA62841D97250700CAB509 /* Project object */ = {
			isa = PBXProject;
			attributes = {
				LastSwiftUpdateCheck = 0800;
				LastUpgradeCheck = 0800;
				ORGANIZATIONNAME = "Ali Akkawi";
				TargetAttributes = {
					41BA628B1D97250700CAB509 = {
						CreatedOnToolsVersion = 8.0;
						DevelopmentTeam = 9UV9M77CF6;
						ProvisioningStyle = Automatic;
					};
				};
			};
			buildConfigurationList = 41BA62871D97250700CAB509 /* Build configuration list for PBXProject "Pokidex Swift3" */;
			compatibilityVersion = "Xcode 3.2";
			developmentRegion = English;
			hasScannedForEncodings = 0;
			knownRegions = (
				en,
				Base,
			);
			mainGroup = 41BA62831D97250700CAB509;
			productRefGroup = 41BA628D1D97250700CAB509 /* Products */;
			projectDirPath = "";
			projectRoot = "";
			targets = (
				41BA628B1D97250700CAB509 /* Pokidex Swift3 */,
			);
		};
/* End PBXProject section */

/* Begin PBXResourcesBuildPhase section */
		41BA628A1D97250700CAB509 /* Resources */ = {
			isa = PBXResourcesBuildPhase;
			buildActionMask = 2147483647;
			files = (
				419948E71D97297300AA12E1 /* music.mp3 in Resources */,
				41BA629A1D97250700CAB509 /* LaunchScreen.storyboard in Resources */,
				41BA62971D97250700CAB509 /* Assets.xcassets in Resources */,
				41BA62951D97250700CAB509 /* Main.storyboard in Resources */,
				419948EC1D9729FE00AA12E1 /* pokemon.csv in Resources */,
			);
			runOnlyForDeploymentPostprocessing = 0;
		};
/* End PBXResourcesBuildPhase section */

/* Begin PBXSourcesBuildPhase section */
		41BA62881D97250700CAB509 /* Sources */ = {
			isa = PBXSourcesBuildPhase;
			buildActionMask = 2147483647;
			files = (
				41BA62921D97250700CAB509 /* ViewController.swift in Sources */,
				41BA62901D97250700CAB509 /* AppDelegate.swift in Sources */,
			);
			runOnlyForDeploymentPostprocessing = 0;
		};
/* End PBXSourcesBuildPhase section */

/* Begin PBXVariantGroup section */
		41BA62931D97250700CAB509 /* Main.storyboard */ = {
			isa = PBXVariantGroup;
			children = (
				41BA62941D97250700CAB509 /* Base */,
			);
			name = Main.storyboard;
			sourceTree = "<group>";
		};
		41BA62981D97250700CAB509 /* LaunchScreen.storyboard */ = {
			isa = PBXVariantGroup;
			children = (
				41BA62991D97250700CAB509 /* Base */,
			);
			name = LaunchScreen.storyboard;
			sourceTree = "<group>";
		};
/* End PBXVariantGroup section */

/* Begin XCBuildConfiguration section */
		41BA629C1D97250700CAB509 /* Debug */ = {
			isa = XCBuildConfiguration;
			buildSettings = {
				ALWAYS_SEARCH_USER_PATHS = NO;
				CLANG_ANALYZER_NONNULL = YES;
				CLANG_CXX_LANGUAGE_STANDARD = "gnu++0x";
				CLANG_CXX_LIBRARY = "libc++";
				CLANG_ENABLE_MODULES = YES;
				CLANG_ENABLE_OBJC_ARC = YES;
				CLANG_WARN_BOOL_CONVERSION = YES;
				CLANG_WARN_CONSTANT_CONVERSION = YES;
				CLANG_WARN_DIRECT_OBJC_ISA_USAGE = YES_ERROR;
				CLANG_WARN_DOCUMENTATION_COMMENTS = YES;
				CLANG_WARN_EMPTY_BODY = YES;
				CLANG_WARN_ENUM_CONVERSION = YES;
				CLANG_WARN_INFINITE_RECURSION = YES;
				CLANG_WARN_INT_CONVERSION = YES;
				CLANG_WARN_OBJC_ROOT_CLASS = YES_ERROR;
				CLANG_WARN_SUSPICIOUS_MOVES = YES;
				CLANG_WARN_UNREACHABLE_CODE = YES;
				CLANG_WARN__DUPLICATE_METHOD_MATCH = YES;
				"CODE_SIGN_IDENTITY[sdk=iphoneos*]" = "iPhone Developer";
				COPY_PHASE_STRIP = NO;
				DEBUG_INFORMATION_FORMAT = dwarf;
				ENABLE_STRICT_OBJC_MSGSEND = YES;
				ENABLE_TESTABILITY = YES;
				GCC_C_LANGUAGE_STANDARD = gnu99;
				GCC_DYNAMIC_NO_PIC = NO;
				GCC_NO_COMMON_BLOCKS = YES;
				GCC_OPTIMIZATION_LEVEL = 0;
				GCC_PREPROCESSOR_DEFINITIONS = (
					"DEBUG=1",
					"$(inherited)",
				);
				GCC_WARN_64_TO_32_BIT_CONVERSION = YES;
				GCC_WARN_ABOUT_RETURN_TYPE = YES_ERROR;
				GCC_WARN_UNDECLARED_SELECTOR = YES;
				GCC_WARN_UNINITIALIZED_AUTOS = YES_AGGRESSIVE;
				GCC_WARN_UNUSED_FUNCTION = YES;
				GCC_WARN_UNUSED_VARIABLE = YES;
				IPHONEOS_DEPLOYMENT_TARGET = 10.0;
				MTL_ENABLE_DEBUG_INFO = YES;
				ONLY_ACTIVE_ARCH = YES;
				SDKROOT = iphoneos;
				SWIFT_ACTIVE_COMPILATION_CONDITIONS = DEBUG;
				SWIFT_OPTIMIZATION_LEVEL = "-Onone";
				TARGETED_DEVICE_FAMILY = "1,2";
			};
			name = Debug;
		};
		41BA629D1D97250700CAB509 /* Release */ = {
			isa = XCBuildConfiguration;
			buildSettings = {
				ALWAYS_SEARCH_USER_PATHS = NO;
				CLANG_ANALYZER_NONNULL = YES;
				CLANG_CXX_LANGUAGE_STANDARD = "gnu++0x";
				CLANG_CXX_LIBRARY = "libc++";
				CLANG_ENABLE_MODULES = YES;
				CLANG_ENABLE_OBJC_ARC = YES;
				CLANG_WARN_BOOL_CONVERSION = YES;
				CLANG_WARN_CONSTANT_CONVERSION = YES;
				CLANG_WARN_DIRECT_OBJC_ISA_USAGE = YES_ERROR;
				CLANG_WARN_DOCUMENTATION_COMMENTS = YES;
				CLANG_WARN_EMPTY_BODY = YES;
				CLANG_WARN_ENUM_CONVERSION = YES;
				CLANG_WARN_INFINITE_RECURSION = YES;
				CLANG_WARN_INT_CONVERSION = YES;
				CLANG_WARN_OBJC_ROOT_CLASS = YES_ERROR;
				CLANG_WARN_SUSPICIOUS_MOVES = YES;
				CLANG_WARN_UNREACHABLE_CODE = YES;
				CLANG_WARN__DUPLICATE_METHOD_MATCH = YES;
				"CODE_SIGN_IDENTITY[sdk=iphoneos*]" = "iPhone Developer";
				COPY_PHASE_STRIP = NO;
				DEBUG_INFORMATION_FORMAT = "dwarf-with-dsym";
				ENABLE_NS_ASSERTIONS = NO;
				ENABLE_STRICT_OBJC_MSGSEND = YES;
				GCC_C_LANGUAGE_STANDARD = gnu99;
				GCC_NO_COMMON_BLOCKS = YES;
				GCC_WARN_64_TO_32_BIT_CONVERSION = YES;
				GCC_WARN_ABOUT_RETURN_TYPE = YES_ERROR;
				GCC_WARN_UNDECLARED_SELECTOR = YES;
				GCC_WARN_UNINITIALIZED_AUTOS = YES_AGGRESSIVE;
				GCC_WARN_UNUSED_FUNCTION = YES;
				GCC_WARN_UNUSED_VARIABLE = YES;
				IPHONEOS_DEPLOYMENT_TARGET = 10.0;
				MTL_ENABLE_DEBUG_INFO = NO;
				SDKROOT = iphoneos;
				SWIFT_OPTIMIZATION_LEVEL = "-Owholemodule";
				TARGETED_DEVICE_FAMILY = "1,2";
				VALIDATE_PRODUCT = YES;
			};
			name = Release;
		};
		41BA629F1D97250700CAB509 /* Debug */ = {
			isa = XCBuildConfiguration;
			buildSettings = {
				ASSETCATALOG_COMPILER_APPICON_NAME = AppIcon;
				DEVELOPMENT_TEAM = 9UV9M77CF6;
				INFOPLIST_FILE = "Pokidex Swift3/Info.plist";
				LD_RUNPATH_SEARCH_PATHS = "$(inherited) @executable_path/Frameworks";
				PRODUCT_BUNDLE_IDENTIFIER = "com.aliakkawi85.Pokidex-Swift3";
				PRODUCT_NAME = "$(TARGET_NAME)";
				SWIFT_VERSION = 3.0;
			};
			name = Debug;
		};
		41BA62A01D97250700CAB509 /* Release */ = {
			isa = XCBuildConfiguration;
			buildSettings = {
				ASSETCATALOG_COMPILER_APPICON_NAME = AppIcon;
				DEVELOPMENT_TEAM = 9UV9M77CF6;
				INFOPLIST_FILE = "Pokidex Swift3/Info.plist";
				LD_RUNPATH_SEARCH_PATHS = "$(inherited) @executable_path/Frameworks";
				PRODUCT_BUNDLE_IDENTIFIER = "com.aliakkawi85.Pokidex-Swift3";
				PRODUCT_NAME = "$(TARGET_NAME)";
				SWIFT_VERSION = 3.0;
			};
			name = Release;
		};
/* End XCBuildConfiguration section */

/* Begin XCConfigurationList section */
		41BA62871D97250700CAB509 /* Build configuration list for PBXProject "Pokidex Swift3" */ = {
			isa = XCConfigurationList;
			buildConfigurations = (
				41BA629C1D97250700CAB509 /* Debug */,
				41BA629D1D97250700CAB509 /* Release */,
			);
			defaultConfigurationIsVisible = 0;
			defaultConfigurationName = Release;
		};
		41BA629E1D97250700CAB509 /* Build configuration list for PBXNativeTarget "Pokidex Swift3" */ = {
			isa = XCConfigurationList;
			buildConfigurations = (
				41BA629F1D97250700CAB509 /* Debug */,
				41BA62A01D97250700CAB509 /* Release */,
			);
			defaultConfigurationIsVisible = 0;
			defaultConfigurationName = Release;
		};
/* End XCConfigurationList section */
	};
	rootObject = 41BA62841D97250700CAB509 /* Project object */;
}
